// !$*UTF8*$!
{
	archiveVersion = 1;
	classes = {
	};
	objectVersion = 48;
	objects = {

/* Begin PBXBuildFile section */
		816C4044220FD6A08ECD1902 /* libPods-GPReact.a in Frameworks */ = {isa = PBXBuildFile; fileRef = 88FE34D6A0BE96868181C997 /* libPods-GPReact.a */; };
		D73862C0213FB2A1009ECB88 /* GPRNode+Operation.h in Headers */ = {isa = PBXBuildFile; fileRef = D73862BE213FB2A1009ECB88 /* GPRNode+Operation.h */; settings = {ATTRIBUTES = (Public, ); }; };
		D73862C1213FB2A1009ECB88 /* GPRNode+Operation.m in Sources */ = {isa = PBXBuildFile; fileRef = D73862BF213FB2A1009ECB88 /* GPRNode+Operation.m */; };
		D73B3BC32138EDC200733EFA /* GPRListenContext.h in Headers */ = {isa = PBXBuildFile; fileRef = D73B3BC12138EDC200733EFA /* GPRListenContext.h */; settings = {ATTRIBUTES = (Public, ); }; };
		D73B3BC42138EDC200733EFA /* GPRListenContext.m in Sources */ = {isa = PBXBuildFile; fileRef = D73B3BC22138EDC200733EFA /* GPRListenContext.m */; };
		D74AFEB721380D91000E48E7 /* GPReact.h in Headers */ = {isa = PBXBuildFile; fileRef = D74AFEB521380D89000E48E7 /* GPReact.h */; settings = {ATTRIBUTES = (Public, ); }; };
		D74AFEBB2138DA05000E48E7 /* GPRCancelable.h in Headers */ = {isa = PBXBuildFile; fileRef = D74AFEBA2138DA05000E48E7 /* GPRCancelable.h */; settings = {ATTRIBUTES = (Public, ); }; };
		D74AFEBD2138DA3B000E48E7 /* GPRTransformEdge.h in Headers */ = {isa = PBXBuildFile; fileRef = D74AFEBC2138DA3B000E48E7 /* GPRTransformEdge.h */; settings = {ATTRIBUTES = (Public, ); }; };
		D74AFEBF2138DF9A000E48E7 /* GPRNextReceiver.h in Headers */ = {isa = PBXBuildFile; fileRef = D74AFEBE2138DF9A000E48E7 /* GPRNextReceiver.h */; settings = {ATTRIBUTES = (Public, ); }; };
		D74AFEC32138DFE9000E48E7 /* GPRSenderList.h in Headers */ = {isa = PBXBuildFile; fileRef = D74AFEC12138DFE9000E48E7 /* GPRSenderList.h */; settings = {ATTRIBUTES = (Public, ); }; };
		D74AFEC42138DFE9000E48E7 /* GPRSenderList.m in Sources */ = {isa = PBXBuildFile; fileRef = D74AFEC22138DFE9000E48E7 /* GPRSenderList.m */; };
		D74AFEC62138E7AF000E48E7 /* GPRListenEdge.h in Headers */ = {isa = PBXBuildFile; fileRef = D74AFEC52138E7AF000E48E7 /* GPRListenEdge.h */; settings = {ATTRIBUTES = (Public, ); }; };
		D74AFEC82138E7F7000E48E7 /* GPREdge.h in Headers */ = {isa = PBXBuildFile; fileRef = D74AFEC72138E7F7000E48E7 /* GPREdge.h */; settings = {ATTRIBUTES = (Public, ); }; };
		D74D9B41213FCE5E00CDA1C4 /* GPRFlattenTransform.h in Headers */ = {isa = PBXBuildFile; fileRef = D74D9B3F213FCE5E00CDA1C4 /* GPRFlattenTransform.h */; settings = {ATTRIBUTES = (Public, ); }; };
		D74D9B42213FCE5E00CDA1C4 /* GPRFlattenTransform.m in Sources */ = {isa = PBXBuildFile; fileRef = D74D9B40213FCE5E00CDA1C4 /* GPRFlattenTransform.m */; };
		D7873300214B4A87002ADB56 /* GPRMarcoDefine.h in Headers */ = {isa = PBXBuildFile; fileRef = D7B4D3792139122C00806D87 /* GPRMarcoDefine.h */; settings = {ATTRIBUTES = (Public, ); }; };
		D7873307214B62C2002ADB56 /* GPRDeliverTransform.h in Headers */ = {isa = PBXBuildFile; fileRef = D7873305214B62C2002ADB56 /* GPRDeliverTransform.h */; };
		D7873308214B62C2002ADB56 /* GPRDeliverTransform.m in Sources */ = {isa = PBXBuildFile; fileRef = D7873306214B62C2002ADB56 /* GPRDeliverTransform.m */; };
		D787330B214B656D002ADB56 /* GPRFilteredTransform.h in Headers */ = {isa = PBXBuildFile; fileRef = D7873309214B656D002ADB56 /* GPRFilteredTransform.h */; };
		D787330C214B656D002ADB56 /* GPRFilteredTransform.m in Sources */ = {isa = PBXBuildFile; fileRef = D787330A214B656D002ADB56 /* GPRFilteredTransform.m */; };
		D787330F214B8187002ADB56 /* GPRCombineTransform.h in Headers */ = {isa = PBXBuildFile; fileRef = D787330D214B8187002ADB56 /* GPRCombineTransform.h */; };
		D7873310214B8187002ADB56 /* GPRCombineTransform.m in Sources */ = {isa = PBXBuildFile; fileRef = D787330E214B8187002ADB56 /* GPRCombineTransform.m */; };
		D7873314214B81A8002ADB56 /* GPRCombineTransformGroup.h in Headers */ = {isa = PBXBuildFile; fileRef = D7873312214B81A8002ADB56 /* GPRCombineTransformGroup.h */; };
		D7873315214B81A8002ADB56 /* GPRCombineTransformGroup.m in Sources */ = {isa = PBXBuildFile; fileRef = D7873313214B81A8002ADB56 /* GPRCombineTransformGroup.m */; };
		D7873318214B86E0002ADB56 /* GPRTakeTransform.h in Headers */ = {isa = PBXBuildFile; fileRef = D7873316214B86E0002ADB56 /* GPRTakeTransform.h */; };
		D7873319214B86E0002ADB56 /* GPRTakeTransform.m in Sources */ = {isa = PBXBuildFile; fileRef = D7873317214B86E0002ADB56 /* GPRTakeTransform.m */; };
		D787331C214B8A47002ADB56 /* GPRSkipTransform.h in Headers */ = {isa = PBXBuildFile; fileRef = D787331A214B8A47002ADB56 /* GPRSkipTransform.h */; };
		D787331D214B8A47002ADB56 /* GPRSkipTransform.m in Sources */ = {isa = PBXBuildFile; fileRef = D787331B214B8A47002ADB56 /* GPRSkipTransform.m */; };
		D7873320214B8B86002ADB56 /* GPRScanTransform.h in Headers */ = {isa = PBXBuildFile; fileRef = D787331E214B8B86002ADB56 /* GPRScanTransform.h */; };
		D7873321214B8B86002ADB56 /* GPRScanTransform.m in Sources */ = {isa = PBXBuildFile; fileRef = D787331F214B8B86002ADB56 /* GPRScanTransform.m */; };
		D7873324214B8EE5002ADB56 /* GPRSwitchMapTransform.h in Headers */ = {isa = PBXBuildFile; fileRef = D7873322214B8EE5002ADB56 /* GPRSwitchMapTransform.h */; };
		D7873325214B8EE5002ADB56 /* GPRSwitchMapTransform.m in Sources */ = {isa = PBXBuildFile; fileRef = D7873323214B8EE5002ADB56 /* GPRSwitchMapTransform.m */; };
		D7873328214B91AA002ADB56 /* GPRCaseTransform.h in Headers */ = {isa = PBXBuildFile; fileRef = D7873326214B91AA002ADB56 /* GPRCaseTransform.h */; };
		D7873329214B91AA002ADB56 /* GPRCaseTransform.m in Sources */ = {isa = PBXBuildFile; fileRef = D7873327214B91AA002ADB56 /* GPRCaseTransform.m */; };
		D787337A214BAD3F002ADB56 /* GPRCancelableBag.h in Headers */ = {isa = PBXBuildFile; fileRef = D7873378214BAD3F002ADB56 /* GPRCancelableBag.h */; };
		D787337B214BAD3F002ADB56 /* GPRCancelableBag.m in Sources */ = {isa = PBXBuildFile; fileRef = D7873379214BAD3F002ADB56 /* GPRCancelableBag.m */; };
		D791E93F213FD3F9001EA9D5 /* GPRNode+Listen.h in Headers */ = {isa = PBXBuildFile; fileRef = D791E93D213FD3F9001EA9D5 /* GPRNode+Listen.h */; settings = {ATTRIBUTES = (Public, ); }; };
		D791E940213FD3F9001EA9D5 /* GPRNode+Listen.m in Sources */ = {isa = PBXBuildFile; fileRef = D791E93E213FD3F9001EA9D5 /* GPRNode+Listen.m */; };
		D791E943213FD828001EA9D5 /* GPRThrottleTransform.h in Headers */ = {isa = PBXBuildFile; fileRef = D791E941213FD828001EA9D5 /* GPRThrottleTransform.h */; settings = {ATTRIBUTES = (Public, ); }; };
		D791E944213FD828001EA9D5 /* GPRThrottleTransform.m in Sources */ = {isa = PBXBuildFile; fileRef = D791E942213FD828001EA9D5 /* GPRThrottleTransform.m */; };
		D791E947213FDCCD001EA9D5 /* GPRZipTransform.h in Headers */ = {isa = PBXBuildFile; fileRef = D791E945213FDCCD001EA9D5 /* GPRZipTransform.h */; settings = {ATTRIBUTES = (Public, ); }; };
		D791E948213FDCCD001EA9D5 /* GPRZipTransform.m in Sources */ = {isa = PBXBuildFile; fileRef = D791E946213FDCCD001EA9D5 /* GPRZipTransform.m */; };
		D791E94B213FDDA0001EA9D5 /* GPRZipTransformGroup.h in Headers */ = {isa = PBXBuildFile; fileRef = D791E949213FDDA0001EA9D5 /* GPRZipTransformGroup.h */; settings = {ATTRIBUTES = (Public, ); }; };
		D791E94C213FDDA0001EA9D5 /* GPRZipTransformGroup.m in Sources */ = {isa = PBXBuildFile; fileRef = D791E94A213FDDA0001EA9D5 /* GPRZipTransformGroup.m */; };
		D7B4D36F2139107500806D87 /* GPRCancelableBagProtocol.h in Headers */ = {isa = PBXBuildFile; fileRef = D7B4D36E2139107500806D87 /* GPRCancelableBagProtocol.h */; settings = {ATTRIBUTES = (Public, ); }; };
		D7B4D372213910CC00806D87 /* GPRBlockListen.h in Headers */ = {isa = PBXBuildFile; fileRef = D7B4D370213910CC00806D87 /* GPRBlockListen.h */; settings = {ATTRIBUTES = (Public, ); }; };
		D7B4D373213910CC00806D87 /* GPRBlockListen.m in Sources */ = {isa = PBXBuildFile; fileRef = D7B4D371213910CC00806D87 /* GPRBlockListen.m */; };
		D7B4D3772139112300806D87 /* GPRListen.h in Headers */ = {isa = PBXBuildFile; fileRef = D7B4D3752139112300806D87 /* GPRListen.h */; settings = {ATTRIBUTES = (Public, ); }; };
		D7B4D3782139112300806D87 /* GPRListen.m in Sources */ = {isa = PBXBuildFile; fileRef = D7B4D3762139112300806D87 /* GPRListen.m */; };
		D7B4D37D2139189700806D87 /* GPRDeliveredListen.h in Headers */ = {isa = PBXBuildFile; fileRef = D7B4D37B2139189700806D87 /* GPRDeliveredListen.h */; settings = {ATTRIBUTES = (Public, ); }; };
		D7B4D37E2139189700806D87 /* GPRDeliveredListen.m in Sources */ = {isa = PBXBuildFile; fileRef = D7B4D37C2139189700806D87 /* GPRDeliveredListen.m */; };
		D7B4D3822139194400806D87 /* NSObject+GPRExt.h in Headers */ = {isa = PBXBuildFile; fileRef = D7B4D3802139194400806D87 /* NSObject+GPRExt.h */; settings = {ATTRIBUTES = (Public, ); }; };
		D7B4D3832139194400806D87 /* NSObject+GPRExt.m in Sources */ = {isa = PBXBuildFile; fileRef = D7B4D3812139194400806D87 /* NSObject+GPRExt.m */; };
		D7B4D38621391EDD00806D87 /* GPRPathTrampoline.h in Headers */ = {isa = PBXBuildFile; fileRef = D7B4D38421391EDD00806D87 /* GPRPathTrampoline.h */; settings = {ATTRIBUTES = (Public, ); }; };
		D7B4D38721391EDD00806D87 /* GPRPathTrampoline.m in Sources */ = {isa = PBXBuildFile; fileRef = D7B4D38521391EDD00806D87 /* GPRPathTrampoline.m */; };
		D7B4D38B21391F4400806D87 /* GPRMutableNode.h in Headers */ = {isa = PBXBuildFile; fileRef = D7B4D38921391F4400806D87 /* GPRMutableNode.h */; settings = {ATTRIBUTES = (Public, ); }; };
		D7B4D38C21391F4400806D87 /* GPRMutableNode.m in Sources */ = {isa = PBXBuildFile; fileRef = D7B4D38A21391F4400806D87 /* GPRMutableNode.m */; };
		D7B4D38F213935D800806D87 /* GPREmpty.h in Headers */ = {isa = PBXBuildFile; fileRef = D7B4D38D213935D800806D87 /* GPREmpty.h */; settings = {ATTRIBUTES = (Public, ); }; };
		D7B4D390213935D800806D87 /* GPREmpty.m in Sources */ = {isa = PBXBuildFile; fileRef = D7B4D38E213935D800806D87 /* GPREmpty.m */; };
		D7B4D393213937BA00806D87 /* GPRTransform.h in Headers */ = {isa = PBXBuildFile; fileRef = D7B4D391213937BA00806D87 /* GPRTransform.h */; settings = {ATTRIBUTES = (Public, ); }; };
		D7B4D394213937BA00806D87 /* GPRTransform.m in Sources */ = {isa = PBXBuildFile; fileRef = D7B4D392213937BA00806D87 /* GPRTransform.m */; };
		D7B4D39721393F1600806D87 /* GPRBlockCancelable.h in Headers */ = {isa = PBXBuildFile; fileRef = D7B4D39521393F1600806D87 /* GPRBlockCancelable.h */; settings = {ATTRIBUTES = (Public, ); }; };
		D7B4D39821393F1600806D87 /* GPRBlockCancelable.m in Sources */ = {isa = PBXBuildFile; fileRef = D7B4D39621393F1600806D87 /* GPRBlockCancelable.m */; };
		D7B4D39F2139416800806D87 /* GPRMutableNode+Private.h in Headers */ = {isa = PBXBuildFile; fileRef = D7B4D39D2139416800806D87 /* GPRMutableNode+Private.h */; settings = {ATTRIBUTES = (Private, ); }; };
		D7E46E67213FB3EF00631B7A /* GPRDelayTransform.h in Headers */ = {isa = PBXBuildFile; fileRef = D7E46E65213FB3EF00631B7A /* GPRDelayTransform.h */; settings = {ATTRIBUTES = (Public, ); }; };
		D7E46E68213FB3EF00631B7A /* GPRDelayTransform.m in Sources */ = {isa = PBXBuildFile; fileRef = D7E46E66213FB3EF00631B7A /* GPRDelayTransform.m */; };
		D7E46E6B213FBF5B00631B7A /* GPRMapTransform.h in Headers */ = {isa = PBXBuildFile; fileRef = D7E46E69213FBF5B00631B7A /* GPRMapTransform.h */; settings = {ATTRIBUTES = (Public, ); }; };
		D7E46E6C213FBF5B00631B7A /* GPRMapTransform.m in Sources */ = {isa = PBXBuildFile; fileRef = D7E46E6A213FBF5B00631B7A /* GPRMapTransform.m */; };
		D7E46E6E213FBFC100631B7A /* GPRTypeDefine.h in Headers */ = {isa = PBXBuildFile; fileRef = D7E46E6D213FBFC100631B7A /* GPRTypeDefine.h */; settings = {ATTRIBUTES = (Public, ); }; };
		D7E46E73213FCBFB00631B7A /* GPRDistinctTransform.h in Headers */ = {isa = PBXBuildFile; fileRef = D7E46E71213FCBFB00631B7A /* GPRDistinctTransform.h */; settings = {ATTRIBUTES = (Public, ); }; };
		D7E46E74213FCBFB00631B7A /* GPRDistinctTransform.m in Sources */ = {isa = PBXBuildFile; fileRef = D7E46E72213FCBFB00631B7A /* GPRDistinctTransform.m */; };
		D7E8C4FF213F83FC00E90ED7 /* NSObject+GPRListen.h in Headers */ = {isa = PBXBuildFile; fileRef = D7E8C4FD213F83FC00E90ED7 /* NSObject+GPRListen.h */; settings = {ATTRIBUTES = (Public, ); }; };
		D7E8C500213F83FC00E90ED7 /* NSObject+GPRListen.m in Sources */ = {isa = PBXBuildFile; fileRef = D7E8C4FE213F83FC00E90ED7 /* NSObject+GPRListen.m */; };
		D7FD6C3221390D8B00C6D0FD /* GPRListenContext+Private.h in Headers */ = {isa = PBXBuildFile; fileRef = D7FD6C3021390D8B00C6D0FD /* GPRListenContext+Private.h */; settings = {ATTRIBUTES = (Private, ); }; };
		D7FD6C3621390DD100C6D0FD /* GPRNode.h in Headers */ = {isa = PBXBuildFile; fileRef = D7FD6C3421390DD100C6D0FD /* GPRNode.h */; settings = {ATTRIBUTES = (Public, ); }; };
		D7FD6C3721390DD100C6D0FD /* GPRNode.m in Sources */ = {isa = PBXBuildFile; fileRef = D7FD6C3521390DD100C6D0FD /* GPRNode.m */; };
		D7FD6C3A21390F0900C6D0FD /* GPRNode+Private.h in Headers */ = {isa = PBXBuildFile; fileRef = D7FD6C3821390F0900C6D0FD /* GPRNode+Private.h */; settings = {ATTRIBUTES = (Private, ); }; };
/* End PBXBuildFile section */

/* Begin PBXFileReference section */
		88FE34D6A0BE96868181C997 /* libPods-GPReact.a */ = {isa = PBXFileReference; explicitFileType = archive.ar; includeInIndex = 0; path = "libPods-GPReact.a"; sourceTree = BUILT_PRODUCTS_DIR; };
		D4E041FD057CC7281C225C3A /* Pods-GPReact.release.xcconfig */ = {isa = PBXFileReference; includeInIndex = 1; lastKnownFileType = text.xcconfig; name = "Pods-GPReact.release.xcconfig"; path = "../Pods/Target Support Files/Pods-GPReact/Pods-GPReact.release.xcconfig"; sourceTree = "<group>"; };
		D6384BF7C8BDB7F668D4BD95 /* Pods-GPReact.debug.xcconfig */ = {isa = PBXFileReference; includeInIndex = 1; lastKnownFileType = text.xcconfig; name = "Pods-GPReact.debug.xcconfig"; path = "../Pods/Target Support Files/Pods-GPReact/Pods-GPReact.debug.xcconfig"; sourceTree = "<group>"; };
		D73862BE213FB2A1009ECB88 /* GPRNode+Operation.h */ = {isa = PBXFileReference; lastKnownFileType = sourcecode.c.h; path = "GPRNode+Operation.h"; sourceTree = "<group>"; };
		D73862BF213FB2A1009ECB88 /* GPRNode+Operation.m */ = {isa = PBXFileReference; lastKnownFileType = sourcecode.c.objc; path = "GPRNode+Operation.m"; sourceTree = "<group>"; };
		D73B3BC12138EDC200733EFA /* GPRListenContext.h */ = {isa = PBXFileReference; lastKnownFileType = sourcecode.c.h; path = GPRListenContext.h; sourceTree = "<group>"; };
		D73B3BC22138EDC200733EFA /* GPRListenContext.m */ = {isa = PBXFileReference; lastKnownFileType = sourcecode.c.objc; path = GPRListenContext.m; sourceTree = "<group>"; };
		D74AFE8821380B94000E48E7 /* GPReact.framework */ = {isa = PBXFileReference; explicitFileType = wrapper.framework; includeInIndex = 0; path = GPReact.framework; sourceTree = BUILT_PRODUCTS_DIR; };
		D74AFE8D21380B94000E48E7 /* Info.plist */ = {isa = PBXFileReference; lastKnownFileType = text.plist.xml; path = Info.plist; sourceTree = "<group>"; };
		D74AFEB521380D89000E48E7 /* GPReact.h */ = {isa = PBXFileReference; lastKnownFileType = sourcecode.c.h; path = GPReact.h; sourceTree = "<group>"; };
		D74AFEBA2138DA05000E48E7 /* GPRCancelable.h */ = {isa = PBXFileReference; lastKnownFileType = sourcecode.c.h; path = GPRCancelable.h; sourceTree = "<group>"; };
		D74AFEBC2138DA3B000E48E7 /* GPRTransformEdge.h */ = {isa = PBXFileReference; lastKnownFileType = sourcecode.c.h; path = GPRTransformEdge.h; sourceTree = "<group>"; };
		D74AFEBE2138DF9A000E48E7 /* GPRNextReceiver.h */ = {isa = PBXFileReference; lastKnownFileType = sourcecode.c.h; path = GPRNextReceiver.h; sourceTree = "<group>"; };
		D74AFEC12138DFE9000E48E7 /* GPRSenderList.h */ = {isa = PBXFileReference; lastKnownFileType = sourcecode.c.h; path = GPRSenderList.h; sourceTree = "<group>"; };
		D74AFEC22138DFE9000E48E7 /* GPRSenderList.m */ = {isa = PBXFileReference; lastKnownFileType = sourcecode.c.objc; path = GPRSenderList.m; sourceTree = "<group>"; };
		D74AFEC52138E7AF000E48E7 /* GPRListenEdge.h */ = {isa = PBXFileReference; lastKnownFileType = sourcecode.c.h; path = GPRListenEdge.h; sourceTree = "<group>"; };
		D74AFEC72138E7F7000E48E7 /* GPREdge.h */ = {isa = PBXFileReference; lastKnownFileType = sourcecode.c.h; path = GPREdge.h; sourceTree = "<group>"; };
		D74D9B3F213FCE5E00CDA1C4 /* GPRFlattenTransform.h */ = {isa = PBXFileReference; lastKnownFileType = sourcecode.c.h; path = GPRFlattenTransform.h; sourceTree = "<group>"; };
		D74D9B40213FCE5E00CDA1C4 /* GPRFlattenTransform.m */ = {isa = PBXFileReference; lastKnownFileType = sourcecode.c.objc; path = GPRFlattenTransform.m; sourceTree = "<group>"; };
		D7873305214B62C2002ADB56 /* GPRDeliverTransform.h */ = {isa = PBXFileReference; lastKnownFileType = sourcecode.c.h; path = GPRDeliverTransform.h; sourceTree = "<group>"; };
		D7873306214B62C2002ADB56 /* GPRDeliverTransform.m */ = {isa = PBXFileReference; lastKnownFileType = sourcecode.c.objc; path = GPRDeliverTransform.m; sourceTree = "<group>"; };
		D7873309214B656D002ADB56 /* GPRFilteredTransform.h */ = {isa = PBXFileReference; lastKnownFileType = sourcecode.c.h; path = GPRFilteredTransform.h; sourceTree = "<group>"; };
		D787330A214B656D002ADB56 /* GPRFilteredTransform.m */ = {isa = PBXFileReference; lastKnownFileType = sourcecode.c.objc; path = GPRFilteredTransform.m; sourceTree = "<group>"; };
		D787330D214B8187002ADB56 /* GPRCombineTransform.h */ = {isa = PBXFileReference; lastKnownFileType = sourcecode.c.h; path = GPRCombineTransform.h; sourceTree = "<group>"; };
		D787330E214B8187002ADB56 /* GPRCombineTransform.m */ = {isa = PBXFileReference; lastKnownFileType = sourcecode.c.objc; path = GPRCombineTransform.m; sourceTree = "<group>"; };
		D7873312214B81A8002ADB56 /* GPRCombineTransformGroup.h */ = {isa = PBXFileReference; lastKnownFileType = sourcecode.c.h; path = GPRCombineTransformGroup.h; sourceTree = "<group>"; };
		D7873313214B81A8002ADB56 /* GPRCombineTransformGroup.m */ = {isa = PBXFileReference; lastKnownFileType = sourcecode.c.objc; path = GPRCombineTransformGroup.m; sourceTree = "<group>"; };
		D7873316214B86E0002ADB56 /* GPRTakeTransform.h */ = {isa = PBXFileReference; lastKnownFileType = sourcecode.c.h; path = GPRTakeTransform.h; sourceTree = "<group>"; };
		D7873317214B86E0002ADB56 /* GPRTakeTransform.m */ = {isa = PBXFileReference; lastKnownFileType = sourcecode.c.objc; path = GPRTakeTransform.m; sourceTree = "<group>"; };
		D787331A214B8A47002ADB56 /* GPRSkipTransform.h */ = {isa = PBXFileReference; lastKnownFileType = sourcecode.c.h; path = GPRSkipTransform.h; sourceTree = "<group>"; };
		D787331B214B8A47002ADB56 /* GPRSkipTransform.m */ = {isa = PBXFileReference; lastKnownFileType = sourcecode.c.objc; path = GPRSkipTransform.m; sourceTree = "<group>"; };
		D787331E214B8B86002ADB56 /* GPRScanTransform.h */ = {isa = PBXFileReference; lastKnownFileType = sourcecode.c.h; path = GPRScanTransform.h; sourceTree = "<group>"; };
		D787331F214B8B86002ADB56 /* GPRScanTransform.m */ = {isa = PBXFileReference; lastKnownFileType = sourcecode.c.objc; path = GPRScanTransform.m; sourceTree = "<group>"; };
		D7873322214B8EE5002ADB56 /* GPRSwitchMapTransform.h */ = {isa = PBXFileReference; lastKnownFileType = sourcecode.c.h; path = GPRSwitchMapTransform.h; sourceTree = "<group>"; };
		D7873323214B8EE5002ADB56 /* GPRSwitchMapTransform.m */ = {isa = PBXFileReference; lastKnownFileType = sourcecode.c.objc; path = GPRSwitchMapTransform.m; sourceTree = "<group>"; };
		D7873326214B91AA002ADB56 /* GPRCaseTransform.h */ = {isa = PBXFileReference; lastKnownFileType = sourcecode.c.h; path = GPRCaseTransform.h; sourceTree = "<group>"; };
		D7873327214B91AA002ADB56 /* GPRCaseTransform.m */ = {isa = PBXFileReference; lastKnownFileType = sourcecode.c.objc; path = GPRCaseTransform.m; sourceTree = "<group>"; };
		D7873378214BAD3F002ADB56 /* GPRCancelableBag.h */ = {isa = PBXFileReference; lastKnownFileType = sourcecode.c.h; path = GPRCancelableBag.h; sourceTree = "<group>"; };
		D7873379214BAD3F002ADB56 /* GPRCancelableBag.m */ = {isa = PBXFileReference; lastKnownFileType = sourcecode.c.objc; path = GPRCancelableBag.m; sourceTree = "<group>"; };
		D791E93D213FD3F9001EA9D5 /* GPRNode+Listen.h */ = {isa = PBXFileReference; lastKnownFileType = sourcecode.c.h; path = "GPRNode+Listen.h"; sourceTree = "<group>"; };
		D791E93E213FD3F9001EA9D5 /* GPRNode+Listen.m */ = {isa = PBXFileReference; lastKnownFileType = sourcecode.c.objc; path = "GPRNode+Listen.m"; sourceTree = "<group>"; };
		D791E941213FD828001EA9D5 /* GPRThrottleTransform.h */ = {isa = PBXFileReference; lastKnownFileType = sourcecode.c.h; path = GPRThrottleTransform.h; sourceTree = "<group>"; };
		D791E942213FD828001EA9D5 /* GPRThrottleTransform.m */ = {isa = PBXFileReference; lastKnownFileType = sourcecode.c.objc; path = GPRThrottleTransform.m; sourceTree = "<group>"; };
		D791E945213FDCCD001EA9D5 /* GPRZipTransform.h */ = {isa = PBXFileReference; lastKnownFileType = sourcecode.c.h; path = GPRZipTransform.h; sourceTree = "<group>"; };
		D791E946213FDCCD001EA9D5 /* GPRZipTransform.m */ = {isa = PBXFileReference; lastKnownFileType = sourcecode.c.objc; path = GPRZipTransform.m; sourceTree = "<group>"; };
		D791E949213FDDA0001EA9D5 /* GPRZipTransformGroup.h */ = {isa = PBXFileReference; lastKnownFileType = sourcecode.c.h; path = GPRZipTransformGroup.h; sourceTree = "<group>"; };
		D791E94A213FDDA0001EA9D5 /* GPRZipTransformGroup.m */ = {isa = PBXFileReference; lastKnownFileType = sourcecode.c.objc; path = GPRZipTransformGroup.m; sourceTree = "<group>"; };
		D7B4D36E2139107500806D87 /* GPRCancelableBagProtocol.h */ = {isa = PBXFileReference; lastKnownFileType = sourcecode.c.h; path = GPRCancelableBagProtocol.h; sourceTree = "<group>"; };
		D7B4D370213910CC00806D87 /* GPRBlockListen.h */ = {isa = PBXFileReference; lastKnownFileType = sourcecode.c.h; path = GPRBlockListen.h; sourceTree = "<group>"; };
		D7B4D371213910CC00806D87 /* GPRBlockListen.m */ = {isa = PBXFileReference; lastKnownFileType = sourcecode.c.objc; path = GPRBlockListen.m; sourceTree = "<group>"; };
		D7B4D3752139112300806D87 /* GPRListen.h */ = {isa = PBXFileReference; lastKnownFileType = sourcecode.c.h; path = GPRListen.h; sourceTree = "<group>"; };
		D7B4D3762139112300806D87 /* GPRListen.m */ = {isa = PBXFileReference; lastKnownFileType = sourcecode.c.objc; path = GPRListen.m; sourceTree = "<group>"; };
		D7B4D3792139122C00806D87 /* GPRMarcoDefine.h */ = {isa = PBXFileReference; lastKnownFileType = sourcecode.c.h; path = GPRMarcoDefine.h; sourceTree = "<group>"; };
		D7B4D37B2139189700806D87 /* GPRDeliveredListen.h */ = {isa = PBXFileReference; lastKnownFileType = sourcecode.c.h; path = GPRDeliveredListen.h; sourceTree = "<group>"; };
		D7B4D37C2139189700806D87 /* GPRDeliveredListen.m */ = {isa = PBXFileReference; lastKnownFileType = sourcecode.c.objc; path = GPRDeliveredListen.m; sourceTree = "<group>"; };
		D7B4D3802139194400806D87 /* NSObject+GPRExt.h */ = {isa = PBXFileReference; lastKnownFileType = sourcecode.c.h; path = "NSObject+GPRExt.h"; sourceTree = "<group>"; };
		D7B4D3812139194400806D87 /* NSObject+GPRExt.m */ = {isa = PBXFileReference; lastKnownFileType = sourcecode.c.objc; path = "NSObject+GPRExt.m"; sourceTree = "<group>"; };
		D7B4D38421391EDD00806D87 /* GPRPathTrampoline.h */ = {isa = PBXFileReference; lastKnownFileType = sourcecode.c.h; path = GPRPathTrampoline.h; sourceTree = "<group>"; };
		D7B4D38521391EDD00806D87 /* GPRPathTrampoline.m */ = {isa = PBXFileReference; lastKnownFileType = sourcecode.c.objc; path = GPRPathTrampoline.m; sourceTree = "<group>"; };
		D7B4D38921391F4400806D87 /* GPRMutableNode.h */ = {isa = PBXFileReference; lastKnownFileType = sourcecode.c.h; path = GPRMutableNode.h; sourceTree = "<group>"; };
		D7B4D38A21391F4400806D87 /* GPRMutableNode.m */ = {isa = PBXFileReference; lastKnownFileType = sourcecode.c.objc; path = GPRMutableNode.m; sourceTree = "<group>"; };
		D7B4D38D213935D800806D87 /* GPREmpty.h */ = {isa = PBXFileReference; lastKnownFileType = sourcecode.c.h; path = GPREmpty.h; sourceTree = "<group>"; };
		D7B4D38E213935D800806D87 /* GPREmpty.m */ = {isa = PBXFileReference; lastKnownFileType = sourcecode.c.objc; path = GPREmpty.m; sourceTree = "<group>"; };
		D7B4D391213937BA00806D87 /* GPRTransform.h */ = {isa = PBXFileReference; lastKnownFileType = sourcecode.c.h; path = GPRTransform.h; sourceTree = "<group>"; };
		D7B4D392213937BA00806D87 /* GPRTransform.m */ = {isa = PBXFileReference; lastKnownFileType = sourcecode.c.objc; path = GPRTransform.m; sourceTree = "<group>"; };
		D7B4D39521393F1600806D87 /* GPRBlockCancelable.h */ = {isa = PBXFileReference; lastKnownFileType = sourcecode.c.h; path = GPRBlockCancelable.h; sourceTree = "<group>"; };
		D7B4D39621393F1600806D87 /* GPRBlockCancelable.m */ = {isa = PBXFileReference; lastKnownFileType = sourcecode.c.objc; path = GPRBlockCancelable.m; sourceTree = "<group>"; };
		D7B4D39D2139416800806D87 /* GPRMutableNode+Private.h */ = {isa = PBXFileReference; lastKnownFileType = sourcecode.c.h; path = "GPRMutableNode+Private.h"; sourceTree = "<group>"; };
		D7E46E65213FB3EF00631B7A /* GPRDelayTransform.h */ = {isa = PBXFileReference; lastKnownFileType = sourcecode.c.h; path = GPRDelayTransform.h; sourceTree = "<group>"; };
		D7E46E66213FB3EF00631B7A /* GPRDelayTransform.m */ = {isa = PBXFileReference; lastKnownFileType = sourcecode.c.objc; path = GPRDelayTransform.m; sourceTree = "<group>"; };
		D7E46E69213FBF5B00631B7A /* GPRMapTransform.h */ = {isa = PBXFileReference; lastKnownFileType = sourcecode.c.h; path = GPRMapTransform.h; sourceTree = "<group>"; };
		D7E46E6A213FBF5B00631B7A /* GPRMapTransform.m */ = {isa = PBXFileReference; lastKnownFileType = sourcecode.c.objc; path = GPRMapTransform.m; sourceTree = "<group>"; };
		D7E46E6D213FBFC100631B7A /* GPRTypeDefine.h */ = {isa = PBXFileReference; lastKnownFileType = sourcecode.c.h; path = GPRTypeDefine.h; sourceTree = "<group>"; };
		D7E46E71213FCBFB00631B7A /* GPRDistinctTransform.h */ = {isa = PBXFileReference; lastKnownFileType = sourcecode.c.h; path = GPRDistinctTransform.h; sourceTree = "<group>"; };
		D7E46E72213FCBFB00631B7A /* GPRDistinctTransform.m */ = {isa = PBXFileReference; lastKnownFileType = sourcecode.c.objc; path = GPRDistinctTransform.m; sourceTree = "<group>"; };
		D7E8C4FD213F83FC00E90ED7 /* NSObject+GPRListen.h */ = {isa = PBXFileReference; lastKnownFileType = sourcecode.c.h; path = "NSObject+GPRListen.h"; sourceTree = "<group>"; };
		D7E8C4FE213F83FC00E90ED7 /* NSObject+GPRListen.m */ = {isa = PBXFileReference; lastKnownFileType = sourcecode.c.objc; path = "NSObject+GPRListen.m"; sourceTree = "<group>"; };
		D7FD6C3021390D8B00C6D0FD /* GPRListenContext+Private.h */ = {isa = PBXFileReference; lastKnownFileType = sourcecode.c.h; path = "GPRListenContext+Private.h"; sourceTree = "<group>"; };
		D7FD6C3421390DD100C6D0FD /* GPRNode.h */ = {isa = PBXFileReference; lastKnownFileType = sourcecode.c.h; path = GPRNode.h; sourceTree = "<group>"; };
		D7FD6C3521390DD100C6D0FD /* GPRNode.m */ = {isa = PBXFileReference; lastKnownFileType = sourcecode.c.objc; path = GPRNode.m; sourceTree = "<group>"; };
		D7FD6C3821390F0900C6D0FD /* GPRNode+Private.h */ = {isa = PBXFileReference; lastKnownFileType = sourcecode.c.h; path = "GPRNode+Private.h"; sourceTree = "<group>"; };
/* End PBXFileReference section */

/* Begin PBXFrameworksBuildPhase section */
		D74AFE8321380B94000E48E7 /* Frameworks */ = {
			isa = PBXFrameworksBuildPhase;
			buildActionMask = 2147483647;
			files = (
				816C4044220FD6A08ECD1902 /* libPods-GPReact.a in Frameworks */,
			);
			runOnlyForDeploymentPostprocessing = 0;
		};
/* End PBXFrameworksBuildPhase section */

/* Begin PBXGroup section */
		D73862BD213FB262009ECB88 /* NodeExt */ = {
			isa = PBXGroup;
			children = (
				D73862BE213FB2A1009ECB88 /* GPRNode+Operation.h */,
				D73862BF213FB2A1009ECB88 /* GPRNode+Operation.m */,
				D791E93D213FD3F9001EA9D5 /* GPRNode+Listen.h */,
				D791E93E213FD3F9001EA9D5 /* GPRNode+Listen.m */,
			);
			path = NodeExt;
			sourceTree = "<group>";
		};
		D73B3BC02138EDAD00733EFA /* Base */ = {
			isa = PBXGroup;
			children = (
				D7B4D38D213935D800806D87 /* GPREmpty.h */,
				D7B4D38E213935D800806D87 /* GPREmpty.m */,
				D73B3BC12138EDC200733EFA /* GPRListenContext.h */,
				D73B3BC22138EDC200733EFA /* GPRListenContext.m */,
				D7B4D39521393F1600806D87 /* GPRBlockCancelable.h */,
				D7B4D39621393F1600806D87 /* GPRBlockCancelable.m */,
				D7873312214B81A8002ADB56 /* GPRCombineTransformGroup.h */,
				D7873313214B81A8002ADB56 /* GPRCombineTransformGroup.m */,
				D791E949213FDDA0001EA9D5 /* GPRZipTransformGroup.h */,
				D791E94A213FDDA0001EA9D5 /* GPRZipTransformGroup.m */,
				D7873378214BAD3F002ADB56 /* GPRCancelableBag.h */,
				D7873379214BAD3F002ADB56 /* GPRCancelableBag.m */,
			);
			path = Base;
			sourceTree = "<group>";
		};
		D74AFE7D21380B94000E48E7 = {
			isa = PBXGroup;
			children = (
				D74AFE8A21380B94000E48E7 /* GPReact */,
				D74AFE8921380B94000E48E7 /* Products */,
				D87ADD117E484E16BF95BEAB /* Pods */,
				E6A7479050D3C4DE8CD2797A /* Frameworks */,
			);
			sourceTree = "<group>";
		};
		D74AFE8921380B94000E48E7 /* Products */ = {
			isa = PBXGroup;
			children = (
				D74AFE8821380B94000E48E7 /* GPReact.framework */,
			);
			name = Products;
			sourceTree = "<group>";
		};
		D74AFE8A21380B94000E48E7 /* GPReact */ = {
			isa = PBXGroup;
			children = (
				D74AFE8D21380B94000E48E7 /* Info.plist */,
				D74AFEB521380D89000E48E7 /* GPReact.h */,
				D7B4D37F2139191C00806D87 /* Category */,
				D74AFEC02138DFD9000E48E7 /* Utility */,
				D74AFEB92138D9DA000E48E7 /* Core */,
			);
			path = GPReact;
			sourceTree = "<group>";
		};
		D74AFEB82138D9D2000E48E7 /* Protocol */ = {
			isa = PBXGroup;
			children = (
				D74AFEC72138E7F7000E48E7 /* GPREdge.h */,
				D74AFEC52138E7AF000E48E7 /* GPRListenEdge.h */,
				D74AFEBC2138DA3B000E48E7 /* GPRTransformEdge.h */,
				D74AFEBA2138DA05000E48E7 /* GPRCancelable.h */,
				D7B4D36E2139107500806D87 /* GPRCancelableBagProtocol.h */,
				D74AFEBE2138DF9A000E48E7 /* GPRNextReceiver.h */,
			);
			path = Protocol;
			sourceTree = "<group>";
		};
		D74AFEB92138D9DA000E48E7 /* Core */ = {
			isa = PBXGroup;
			children = (
				D73B3BC02138EDAD00733EFA /* Base */,
				D7FD6C2F21390D7600C6D0FD /* Private */,
				D74AFEB82138D9D2000E48E7 /* Protocol */,
				D7B4D38821391F1E00806D87 /* Node */,
				D73862BD213FB262009ECB88 /* NodeExt */,
				D7B4D37A2139156800806D87 /* Transform */,
				D7B4D374213910ED00806D87 /* Listen */,
			);
			path = Core;
			sourceTree = "<group>";
		};
		D74AFEC02138DFD9000E48E7 /* Utility */ = {
			isa = PBXGroup;
			children = (
				D7B4D3792139122C00806D87 /* GPRMarcoDefine.h */,
				D7E46E6D213FBFC100631B7A /* GPRTypeDefine.h */,
				D74AFEC12138DFE9000E48E7 /* GPRSenderList.h */,
				D74AFEC22138DFE9000E48E7 /* GPRSenderList.m */,
				D7B4D38421391EDD00806D87 /* GPRPathTrampoline.h */,
				D7B4D38521391EDD00806D87 /* GPRPathTrampoline.m */,
			);
			path = Utility;
			sourceTree = "<group>";
		};
		D7B4D374213910ED00806D87 /* Listen */ = {
			isa = PBXGroup;
			children = (
				D7B4D3752139112300806D87 /* GPRListen.h */,
				D7B4D3762139112300806D87 /* GPRListen.m */,
				D7B4D370213910CC00806D87 /* GPRBlockListen.h */,
				D7B4D371213910CC00806D87 /* GPRBlockListen.m */,
				D7B4D37B2139189700806D87 /* GPRDeliveredListen.h */,
				D7B4D37C2139189700806D87 /* GPRDeliveredListen.m */,
			);
			path = Listen;
			sourceTree = "<group>";
		};
		D7B4D37A2139156800806D87 /* Transform */ = {
			isa = PBXGroup;
			children = (
				D7B4D391213937BA00806D87 /* GPRTransform.h */,
				D7B4D392213937BA00806D87 /* GPRTransform.m */,
				D7E46E65213FB3EF00631B7A /* GPRDelayTransform.h */,
				D7E46E66213FB3EF00631B7A /* GPRDelayTransform.m */,
				D7E46E69213FBF5B00631B7A /* GPRMapTransform.h */,
				D7E46E6A213FBF5B00631B7A /* GPRMapTransform.m */,
				D7E46E71213FCBFB00631B7A /* GPRDistinctTransform.h */,
				D7E46E72213FCBFB00631B7A /* GPRDistinctTransform.m */,
				D74D9B3F213FCE5E00CDA1C4 /* GPRFlattenTransform.h */,
				D74D9B40213FCE5E00CDA1C4 /* GPRFlattenTransform.m */,
				D791E941213FD828001EA9D5 /* GPRThrottleTransform.h */,
				D791E942213FD828001EA9D5 /* GPRThrottleTransform.m */,
				D791E945213FDCCD001EA9D5 /* GPRZipTransform.h */,
				D791E946213FDCCD001EA9D5 /* GPRZipTransform.m */,
				D7873305214B62C2002ADB56 /* GPRDeliverTransform.h */,
				D7873306214B62C2002ADB56 /* GPRDeliverTransform.m */,
				D7873309214B656D002ADB56 /* GPRFilteredTransform.h */,
				D787330A214B656D002ADB56 /* GPRFilteredTransform.m */,
				D787330D214B8187002ADB56 /* GPRCombineTransform.h */,
				D787330E214B8187002ADB56 /* GPRCombineTransform.m */,
				D7873316214B86E0002ADB56 /* GPRTakeTransform.h */,
				D7873317214B86E0002ADB56 /* GPRTakeTransform.m */,
				D787331A214B8A47002ADB56 /* GPRSkipTransform.h */,
				D787331B214B8A47002ADB56 /* GPRSkipTransform.m */,
				D787331E214B8B86002ADB56 /* GPRScanTransform.h */,
				D787331F214B8B86002ADB56 /* GPRScanTransform.m */,
				D7873322214B8EE5002ADB56 /* GPRSwitchMapTransform.h */,
				D7873323214B8EE5002ADB56 /* GPRSwitchMapTransform.m */,
				D7873326214B91AA002ADB56 /* GPRCaseTransform.h */,
				D7873327214B91AA002ADB56 /* GPRCaseTransform.m */,
			);
			path = Transform;
			sourceTree = "<group>";
		};
		D7B4D37F2139191C00806D87 /* Category */ = {
			isa = PBXGroup;
			children = (
				D7B4D3802139194400806D87 /* NSObject+GPRExt.h */,
				D7B4D3812139194400806D87 /* NSObject+GPRExt.m */,
				D7E8C4FD213F83FC00E90ED7 /* NSObject+GPRListen.h */,
				D7E8C4FE213F83FC00E90ED7 /* NSObject+GPRListen.m */,
			);
			path = Category;
			sourceTree = "<group>";
		};
		D7B4D38821391F1E00806D87 /* Node */ = {
			isa = PBXGroup;
			children = (
				D7FD6C3421390DD100C6D0FD /* GPRNode.h */,
				D7FD6C3521390DD100C6D0FD /* GPRNode.m */,
				D7B4D38921391F4400806D87 /* GPRMutableNode.h */,
				D7B4D38A21391F4400806D87 /* GPRMutableNode.m */,
			);
			path = Node;
			sourceTree = "<group>";
		};
		D7FD6C2F21390D7600C6D0FD /* Private */ = {
			isa = PBXGroup;
			children = (
				D7FD6C3821390F0900C6D0FD /* GPRNode+Private.h */,
				D7B4D39D2139416800806D87 /* GPRMutableNode+Private.h */,
				D7FD6C3021390D8B00C6D0FD /* GPRListenContext+Private.h */,
			);
			path = Private;
			sourceTree = "<group>";
		};
		D87ADD117E484E16BF95BEAB /* Pods */ = {
			isa = PBXGroup;
			children = (
				D6384BF7C8BDB7F668D4BD95 /* Pods-GPReact.debug.xcconfig */,
				D4E041FD057CC7281C225C3A /* Pods-GPReact.release.xcconfig */,
			);
			name = Pods;
			sourceTree = "<group>";
		};
		E6A7479050D3C4DE8CD2797A /* Frameworks */ = {
			isa = PBXGroup;
			children = (
				88FE34D6A0BE96868181C997 /* libPods-GPReact.a */,
			);
			name = Frameworks;
			sourceTree = "<group>";
		};
/* End PBXGroup section */

/* Begin PBXHeadersBuildPhase section */
		D74AFE8421380B94000E48E7 /* Headers */ = {
			isa = PBXHeadersBuildPhase;
			buildActionMask = 2147483647;
			files = (
				D791E93F213FD3F9001EA9D5 /* GPRNode+Listen.h in Headers */,
				D7873307214B62C2002ADB56 /* GPRDeliverTransform.h in Headers */,
				D791E94B213FDDA0001EA9D5 /* GPRZipTransformGroup.h in Headers */,
				D7873328214B91AA002ADB56 /* GPRCaseTransform.h in Headers */,
				D791E943213FD828001EA9D5 /* GPRThrottleTransform.h in Headers */,
				D787331C214B8A47002ADB56 /* GPRSkipTransform.h in Headers */,
				D74D9B41213FCE5E00CDA1C4 /* GPRFlattenTransform.h in Headers */,
				D7E46E73213FCBFB00631B7A /* GPRDistinctTransform.h in Headers */,
				D791E947213FDCCD001EA9D5 /* GPRZipTransform.h in Headers */,
				D7E46E6E213FBFC100631B7A /* GPRTypeDefine.h in Headers */,
				D7B4D38621391EDD00806D87 /* GPRPathTrampoline.h in Headers */,
				D7B4D393213937BA00806D87 /* GPRTransform.h in Headers */,
				D73862C0213FB2A1009ECB88 /* GPRNode+Operation.h in Headers */,
				D787337A214BAD3F002ADB56 /* GPRCancelableBag.h in Headers */,
				D73B3BC32138EDC200733EFA /* GPRListenContext.h in Headers */,
				D7FD6C3621390DD100C6D0FD /* GPRNode.h in Headers */,
				D7B4D37D2139189700806D87 /* GPRDeliveredListen.h in Headers */,
				D7873320214B8B86002ADB56 /* GPRScanTransform.h in Headers */,
				D7B4D3772139112300806D87 /* GPRListen.h in Headers */,
				D7B4D38B21391F4400806D87 /* GPRMutableNode.h in Headers */,
				D7E8C4FF213F83FC00E90ED7 /* NSObject+GPRListen.h in Headers */,
				D7B4D39721393F1600806D87 /* GPRBlockCancelable.h in Headers */,
				D7B4D36F2139107500806D87 /* GPRCancelableBagProtocol.h in Headers */,
				D7B4D3822139194400806D87 /* NSObject+GPRExt.h in Headers */,
				D787330B214B656D002ADB56 /* GPRFilteredTransform.h in Headers */,
				D7E46E6B213FBF5B00631B7A /* GPRMapTransform.h in Headers */,
				D7873324214B8EE5002ADB56 /* GPRSwitchMapTransform.h in Headers */,
				D7E46E67213FB3EF00631B7A /* GPRDelayTransform.h in Headers */,
				D7B4D372213910CC00806D87 /* GPRBlockListen.h in Headers */,
				D7B4D38F213935D800806D87 /* GPREmpty.h in Headers */,
				D7873314214B81A8002ADB56 /* GPRCombineTransformGroup.h in Headers */,
				D74AFEBF2138DF9A000E48E7 /* GPRNextReceiver.h in Headers */,
				D74AFEBD2138DA3B000E48E7 /* GPRTransformEdge.h in Headers */,
				D7FD6C3221390D8B00C6D0FD /* GPRListenContext+Private.h in Headers */,
				D7873318214B86E0002ADB56 /* GPRTakeTransform.h in Headers */,
				D7B4D39F2139416800806D87 /* GPRMutableNode+Private.h in Headers */,
				D7FD6C3A21390F0900C6D0FD /* GPRNode+Private.h in Headers */,
				D74AFEC62138E7AF000E48E7 /* GPRListenEdge.h in Headers */,
				D787330F214B8187002ADB56 /* GPRCombineTransform.h in Headers */,
				D74AFEC82138E7F7000E48E7 /* GPREdge.h in Headers */,
				D74AFEBB2138DA05000E48E7 /* GPRCancelable.h in Headers */,
				D74AFEC32138DFE9000E48E7 /* GPRSenderList.h in Headers */,
				D74AFEB721380D91000E48E7 /* GPReact.h in Headers */,
				D7873300214B4A87002ADB56 /* GPRMarcoDefine.h in Headers */,
			);
			runOnlyForDeploymentPostprocessing = 0;
		};
		D74AFE8621380B94000E48E7 /* Headers */ = {
			isa = PBXHeadersBuildPhase;
			buildActionMask = 2147483647;
			files = (
			);
			runOnlyForDeploymentPostprocessing = 0;
		};
/* End PBXHeadersBuildPhase section */

/* Begin PBXNativeTarget section */
		D74AFE8721380B94000E48E7 /* GPReact */ = {
			isa = PBXNativeTarget;
			buildConfigurationList = D74AFE9021380B94000E48E7 /* Build configuration list for PBXNativeTarget "GPReact" */;
			buildPhases = (
				9E9F53DA310781FE13B2AEB7 /* [CP] Check Pods Manifest.lock */,
				D74AFE8221380B94000E48E7 /* Sources */,
				D74AFE8321380B94000E48E7 /* Frameworks */,
				D74AFE8421380B94000E48E7 /* Headers */,
				D74AFE8521380B94000E48E7 /* Resources */,
				D74AFE8621380B94000E48E7 /* Headers */,
			);
			buildRules = (
			);
			dependencies = (
			);
			name = GPReact;
			productName = GPReact;
			productReference = D74AFE8821380B94000E48E7 /* GPReact.framework */;
			productType = "com.apple.product-type.framework";
		};
/* End PBXNativeTarget section */

/* Begin PBXProject section */
		D74AFE7E21380B94000E48E7 /* Project object */ = {
			isa = PBXProject;
			attributes = {
				LastUpgradeCheck = 0920;
				ORGANIZATIONNAME = Liyanwei;
				TargetAttributes = {
					D74AFE8721380B94000E48E7 = {
						CreatedOnToolsVersion = 9.2;
						ProvisioningStyle = Automatic;
					};
				};
			};
			buildConfigurationList = D74AFE8121380B94000E48E7 /* Build configuration list for PBXProject "GPReact" */;
			compatibilityVersion = "Xcode 8.0";
			developmentRegion = en;
			hasScannedForEncodings = 0;
			knownRegions = (
				en,
			);
			mainGroup = D74AFE7D21380B94000E48E7;
			productRefGroup = D74AFE8921380B94000E48E7 /* Products */;
			projectDirPath = "";
			projectRoot = "";
			targets = (
				D74AFE8721380B94000E48E7 /* GPReact */,
			);
		};
/* End PBXProject section */

/* Begin PBXResourcesBuildPhase section */
		D74AFE8521380B94000E48E7 /* Resources */ = {
			isa = PBXResourcesBuildPhase;
			buildActionMask = 2147483647;
			files = (
			);
			runOnlyForDeploymentPostprocessing = 0;
		};
/* End PBXResourcesBuildPhase section */

/* Begin PBXShellScriptBuildPhase section */
		9E9F53DA310781FE13B2AEB7 /* [CP] Check Pods Manifest.lock */ = {
			isa = PBXShellScriptBuildPhase;
			buildActionMask = 2147483647;
			files = (
			);
			inputPaths = (
				"${PODS_PODFILE_DIR_PATH}/Podfile.lock",
				"${PODS_ROOT}/Manifest.lock",
			);
			name = "[CP] Check Pods Manifest.lock";
			outputPaths = (
				"$(DERIVED_FILE_DIR)/Pods-GPReact-checkManifestLockResult.txt",
			);
			runOnlyForDeploymentPostprocessing = 0;
			shellPath = /bin/sh;
			shellScript = "diff \"${PODS_PODFILE_DIR_PATH}/Podfile.lock\" \"${PODS_ROOT}/Manifest.lock\" > /dev/null\nif [ $? != 0 ] ; then\n    # print error to STDERR\n    echo \"error: The sandbox is not in sync with the Podfile.lock. Run 'pod install' or update your CocoaPods installation.\" >&2\n    exit 1\nfi\n# This output is used by Xcode 'outputs' to avoid re-running this script phase.\necho \"SUCCESS\" > \"${SCRIPT_OUTPUT_FILE_0}\"\n";
			showEnvVarsInLog = 0;
		};
/* End PBXShellScriptBuildPhase section */

/* Begin PBXSourcesBuildPhase section */
		D74AFE8221380B94000E48E7 /* Sources */ = {
			isa = PBXSourcesBuildPhase;
			buildActionMask = 2147483647;
			files = (
				D73B3BC42138EDC200733EFA /* GPRListenContext.m in Sources */,
				D787331D214B8A47002ADB56 /* GPRSkipTransform.m in Sources */,
				D73862C1213FB2A1009ECB88 /* GPRNode+Operation.m in Sources */,
				D7B4D390213935D800806D87 /* GPREmpty.m in Sources */,
				D7B4D37E2139189700806D87 /* GPRDeliveredListen.m in Sources */,
				D7B4D38C21391F4400806D87 /* GPRMutableNode.m in Sources */,
				D7E8C500213F83FC00E90ED7 /* NSObject+GPRListen.m in Sources */,
				D7873319214B86E0002ADB56 /* GPRTakeTransform.m in Sources */,
				D74AFEC42138DFE9000E48E7 /* GPRSenderList.m in Sources */,
				D791E940213FD3F9001EA9D5 /* GPRNode+Listen.m in Sources */,
				D791E944213FD828001EA9D5 /* GPRThrottleTransform.m in Sources */,
				D7B4D373213910CC00806D87 /* GPRBlockListen.m in Sources */,
				D7B4D3832139194400806D87 /* NSObject+GPRExt.m in Sources */,
				D7B4D394213937BA00806D87 /* GPRTransform.m in Sources */,
				D7B4D3782139112300806D87 /* GPRListen.m in Sources */,
				D74D9B42213FCE5E00CDA1C4 /* GPRFlattenTransform.m in Sources */,
				D791E94C213FDDA0001EA9D5 /* GPRZipTransformGroup.m in Sources */,
				D791E948213FDCCD001EA9D5 /* GPRZipTransform.m in Sources */,
				D7E46E74213FCBFB00631B7A /* GPRDistinctTransform.m in Sources */,
				D7B4D39821393F1600806D87 /* GPRBlockCancelable.m in Sources */,
				D7873321214B8B86002ADB56 /* GPRScanTransform.m in Sources */,
				D7873325214B8EE5002ADB56 /* GPRSwitchMapTransform.m in Sources */,
				D7873308214B62C2002ADB56 /* GPRDeliverTransform.m in Sources */,
				D7FD6C3721390DD100C6D0FD /* GPRNode.m in Sources */,
				D7B4D38721391EDD00806D87 /* GPRPathTrampoline.m in Sources */,
				D787330C214B656D002ADB56 /* GPRFilteredTransform.m in Sources */,
				D787337B214BAD3F002ADB56 /* GPRCancelableBag.m in Sources */,
				D7873310214B8187002ADB56 /* GPRCombineTransform.m in Sources */,
				D7E46E68213FB3EF00631B7A /* GPRDelayTransform.m in Sources */,
				D7873315214B81A8002ADB56 /* GPRCombineTransformGroup.m in Sources */,
				D7E46E6C213FBF5B00631B7A /* GPRMapTransform.m in Sources */,
				D7873329214B91AA002ADB56 /* GPRCaseTransform.m in Sources */,
			);
			runOnlyForDeploymentPostprocessing = 0;
		};
/* End PBXSourcesBuildPhase section */

/* Begin XCBuildConfiguration section */
		D74AFE8E21380B94000E48E7 /* Debug */ = {
			isa = XCBuildConfiguration;
			buildSettings = {
				ALWAYS_SEARCH_USER_PATHS = NO;
				CLANG_ANALYZER_NONNULL = YES;
				CLANG_ANALYZER_NUMBER_OBJECT_CONVERSION = YES_AGGRESSIVE;
				CLANG_CXX_LANGUAGE_STANDARD = "gnu++14";
				CLANG_CXX_LIBRARY = "libc++";
				CLANG_ENABLE_MODULES = YES;
				CLANG_ENABLE_OBJC_ARC = YES;
				CLANG_WARN_BLOCK_CAPTURE_AUTORELEASING = YES;
				CLANG_WARN_BOOL_CONVERSION = YES;
				CLANG_WARN_COMMA = YES;
				CLANG_WARN_CONSTANT_CONVERSION = YES;
				CLANG_WARN_DIRECT_OBJC_ISA_USAGE = YES_ERROR;
				CLANG_WARN_DOCUMENTATION_COMMENTS = YES;
				CLANG_WARN_EMPTY_BODY = YES;
				CLANG_WARN_ENUM_CONVERSION = YES;
				CLANG_WARN_INFINITE_RECURSION = YES;
				CLANG_WARN_INT_CONVERSION = YES;
				CLANG_WARN_NON_LITERAL_NULL_CONVERSION = YES;
				CLANG_WARN_OBJC_LITERAL_CONVERSION = YES;
				CLANG_WARN_OBJC_ROOT_CLASS = YES_ERROR;
				CLANG_WARN_RANGE_LOOP_ANALYSIS = YES;
				CLANG_WARN_STRICT_PROTOTYPES = YES;
				CLANG_WARN_SUSPICIOUS_MOVE = YES;
				CLANG_WARN_UNGUARDED_AVAILABILITY = YES_AGGRESSIVE;
				CLANG_WARN_UNREACHABLE_CODE = YES;
				CLANG_WARN__DUPLICATE_METHOD_MATCH = YES;
				CODE_SIGN_IDENTITY = "iPhone Developer";
				COPY_PHASE_STRIP = NO;
				CURRENT_PROJECT_VERSION = 1;
				DEBUG_INFORMATION_FORMAT = dwarf;
				ENABLE_STRICT_OBJC_MSGSEND = YES;
				ENABLE_TESTABILITY = YES;
				FRAMEWORK_SEARCH_PATHS = "$(inherited)";
				GCC_C_LANGUAGE_STANDARD = gnu11;
				GCC_DYNAMIC_NO_PIC = NO;
				GCC_NO_COMMON_BLOCKS = YES;
				GCC_OPTIMIZATION_LEVEL = 0;
				GCC_PREPROCESSOR_DEFINITIONS = (
					"DEBUG=1",
					"$(inherited)",
				);
				GCC_WARN_64_TO_32_BIT_CONVERSION = YES;
				GCC_WARN_ABOUT_RETURN_TYPE = YES_ERROR;
				GCC_WARN_UNDECLARED_SELECTOR = YES;
				GCC_WARN_UNINITIALIZED_AUTOS = YES_AGGRESSIVE;
				GCC_WARN_UNUSED_FUNCTION = YES;
				GCC_WARN_UNUSED_VARIABLE = YES;
				HEADER_SEARCH_PATHS = "$(inherited)";
				IPHONEOS_DEPLOYMENT_TARGET = 11.2;
				LIBRARY_SEARCH_PATHS = "$(inherited)";
				MTL_ENABLE_DEBUG_INFO = YES;
				ONLY_ACTIVE_ARCH = YES;
				OTHER_CFLAGS = "$(inherited)";
				OTHER_LDFLAGS = "$(inherited)";
				SDKROOT = iphoneos;
				TARGETED_DEVICE_FAMILY = "1,2";
				VERSIONING_SYSTEM = "apple-generic";
				VERSION_INFO_PREFIX = "";
			};
			name = Debug;
		};
		D74AFE8F21380B94000E48E7 /* Release */ = {
			isa = XCBuildConfiguration;
			buildSettings = {
				ALWAYS_SEARCH_USER_PATHS = NO;
				CLANG_ANALYZER_NONNULL = YES;
				CLANG_ANALYZER_NUMBER_OBJECT_CONVERSION = YES_AGGRESSIVE;
				CLANG_CXX_LANGUAGE_STANDARD = "gnu++14";
				CLANG_CXX_LIBRARY = "libc++";
				CLANG_ENABLE_MODULES = YES;
				CLANG_ENABLE_OBJC_ARC = YES;
				CLANG_WARN_BLOCK_CAPTURE_AUTORELEASING = YES;
				CLANG_WARN_BOOL_CONVERSION = YES;
				CLANG_WARN_COMMA = YES;
				CLANG_WARN_CONSTANT_CONVERSION = YES;
				CLANG_WARN_DIRECT_OBJC_ISA_USAGE = YES_ERROR;
				CLANG_WARN_DOCUMENTATION_COMMENTS = YES;
				CLANG_WARN_EMPTY_BODY = YES;
				CLANG_WARN_ENUM_CONVERSION = YES;
				CLANG_WARN_INFINITE_RECURSION = YES;
				CLANG_WARN_INT_CONVERSION = YES;
				CLANG_WARN_NON_LITERAL_NULL_CONVERSION = YES;
				CLANG_WARN_OBJC_LITERAL_CONVERSION = YES;
				CLANG_WARN_OBJC_ROOT_CLASS = YES_ERROR;
				CLANG_WARN_RANGE_LOOP_ANALYSIS = YES;
				CLANG_WARN_STRICT_PROTOTYPES = YES;
				CLANG_WARN_SUSPICIOUS_MOVE = YES;
				CLANG_WARN_UNGUARDED_AVAILABILITY = YES_AGGRESSIVE;
				CLANG_WARN_UNREACHABLE_CODE = YES;
				CLANG_WARN__DUPLICATE_METHOD_MATCH = YES;
				CODE_SIGN_IDENTITY = "iPhone Developer";
				COPY_PHASE_STRIP = NO;
				CURRENT_PROJECT_VERSION = 1;
				DEBUG_INFORMATION_FORMAT = "dwarf-with-dsym";
				ENABLE_NS_ASSERTIONS = NO;
				ENABLE_STRICT_OBJC_MSGSEND = YES;
				FRAMEWORK_SEARCH_PATHS = "$(inherited)";
				GCC_C_LANGUAGE_STANDARD = gnu11;
				GCC_NO_COMMON_BLOCKS = YES;
				GCC_WARN_64_TO_32_BIT_CONVERSION = YES;
				GCC_WARN_ABOUT_RETURN_TYPE = YES_ERROR;
				GCC_WARN_UNDECLARED_SELECTOR = YES;
				GCC_WARN_UNINITIALIZED_AUTOS = YES_AGGRESSIVE;
				GCC_WARN_UNUSED_FUNCTION = YES;
				GCC_WARN_UNUSED_VARIABLE = YES;
				HEADER_SEARCH_PATHS = "$(inherited)";
				IPHONEOS_DEPLOYMENT_TARGET = 11.2;
				LIBRARY_SEARCH_PATHS = "$(inherited)";
				MTL_ENABLE_DEBUG_INFO = NO;
				OTHER_CFLAGS = "$(inherited)";
				OTHER_LDFLAGS = "$(inherited)";
				SDKROOT = iphoneos;
				TARGETED_DEVICE_FAMILY = "1,2";
				VALIDATE_PRODUCT = YES;
				VERSIONING_SYSTEM = "apple-generic";
				VERSION_INFO_PREFIX = "";
			};
			name = Release;
		};
		D74AFE9121380B94000E48E7 /* Debug */ = {
			isa = XCBuildConfiguration;
			baseConfigurationReference = D6384BF7C8BDB7F668D4BD95 /* Pods-GPReact.debug.xcconfig */;
			buildSettings = {
				CODE_SIGNING_ALLOWED = NO;
				CODE_SIGNING_REQUIRED = NO;
				CODE_SIGN_IDENTITY = "";
				CODE_SIGN_STYLE = Automatic;
				DEFINES_MODULE = YES;
				DEVELOPMENT_TEAM = V49Y6Y2SC7;
				DYLIB_COMPATIBILITY_VERSION = 1;
				DYLIB_CURRENT_VERSION = 1;
				DYLIB_INSTALL_NAME_BASE = "@rpath";
				EXPANDED_CODE_SIGN_IDENTITY = "";
				INFOPLIST_FILE = GPReact/Info.plist;
				INFOPLIST_PATH = "$(FULL_PRODUCT_NAME)/Info.plist";
				INSTALL_PATH = "$(LOCAL_LIBRARY_DIR)/Frameworks";
				LD_RUNPATH_SEARCH_PATHS = "$(inherited) @executable_path/Frameworks @loader_path/Frameworks";
				MACH_O_TYPE = staticlib;
				OTHER_CFLAGS = "$(inherited)";
				OTHER_LDFLAGS = "$(inherited)";
				PRODUCT_BUNDLE_IDENTIFIER = com.grapevine.GPReact;
				PRODUCT_NAME = GPReact;
				SKIP_INSTALL = YES;
				TARGETED_DEVICE_FAMILY = "1,2";
				UNLOCALIZED_RESOURCES_FOLDER_PATH = "$(FULL_PRODUCT_NAME)/Resources";
			};
			name = Debug;
		};
		D74AFE9221380B94000E48E7 /* Release */ = {
			isa = XCBuildConfiguration;
			baseConfigurationReference = D4E041FD057CC7281C225C3A /* Pods-GPReact.release.xcconfig */;
			buildSettings = {
				CODE_SIGNING_ALLOWED = NO;
				CODE_SIGNING_REQUIRED = NO;
				CODE_SIGN_IDENTITY = "";
				CODE_SIGN_STYLE = Automatic;
				DEFINES_MODULE = YES;
				DEVELOPMENT_TEAM = V49Y6Y2SC7;
				DYLIB_COMPATIBILITY_VERSION = 1;
				DYLIB_CURRENT_VERSION = 1;
				DYLIB_INSTALL_NAME_BASE = "@rpath";
				EXPANDED_CODE_SIGN_IDENTITY = "";
				INFOPLIST_FILE = GPReact/Info.plist;
				INFOPLIST_PATH = "$(FULL_PRODUCT_NAME)/Info.plist";
				INSTALL_PATH = "$(LOCAL_LIBRARY_DIR)/Frameworks";
				LD_RUNPATH_SEARCH_PATHS = "$(inherited) @executable_path/Frameworks @loader_path/Frameworks";
				MACH_O_TYPE = staticlib;
				OTHER_CFLAGS = "$(inherited)";
				OTHER_LDFLAGS = "$(inherited)";
				PRODUCT_BUNDLE_IDENTIFIER = com.grapevine.GPReact;
				PRODUCT_NAME = GPReact;
				SKIP_INSTALL = YES;
				TARGETED_DEVICE_FAMILY = "1,2";
				UNLOCALIZED_RESOURCES_FOLDER_PATH = "$(FULL_PRODUCT_NAME)/Resources";
			};
			name = Release;
		};
/* End XCBuildConfiguration section */

/* Begin XCConfigurationList section */
		D74AFE8121380B94000E48E7 /* Build configuration list for PBXProject "GPReact" */ = {
			isa = XCConfigurationList;
			buildConfigurations = (
				D74AFE8E21380B94000E48E7 /* Debug */,
				D74AFE8F21380B94000E48E7 /* Release */,
			);
			defaultConfigurationIsVisible = 0;
			defaultConfigurationName = Release;
		};
		D74AFE9021380B94000E48E7 /* Build configuration list for PBXNativeTarget "GPReact" */ = {
			isa = XCConfigurationList;
			buildConfigurations = (
				D74AFE9121380B94000E48E7 /* Debug */,
				D74AFE9221380B94000E48E7 /* Release */,
			);
			defaultConfigurationIsVisible = 0;
			defaultConfigurationName = Release;
		};
/* End XCConfigurationList section */
	};
	rootObject = D74AFE7E21380B94000E48E7 /* Project object */;
}
